
Microsoft Visual Studio Solution File, Format Version 12.00
# Visual Studio Version 17
VisualStudioVersion = 17.5.33516.290
MinimumVisualStudioVersion = 10.0.40219.1
Project("{FAE04EC0-301F-11D3-BF4B-00C04F79EFBC}") = "Refactoring", "Refactoring\Refactoring.csproj", "{A0F23B7E-84F3-4082-92A7-0C72F6D32848}"
EndProject
Project("{FAE04EC0-301F-11D3-BF4B-00C04F79EFBC}") = "Refactoring.UnitTest", "Refactoring.UnitTest\Refactoring.UnitTest.csproj", "{3E98232D-A7C6-4BCD-9D41-4C27439EF3C4}"
EndProject
Project("{FAE04EC0-301F-11D3-BF4B-00C04F79EFBC}") = "Domain", "Domain\Domain.csproj", "{2CDF6EBC-CC83-4845-9014-2D1C2F381F6C}"
EndProject
Project("{FAE04EC0-301F-11D3-BF4B-00C04F79EFBC}") = "Application", "Application\Application.csproj", "{BC67E46A-E51F-42E8-BAD0-66D647764EF7}"
EndProject
Global
	GlobalSection(SolutionConfigurationPlatforms) = preSolution
		Debug|Any CPU = Debug|Any CPU
		Release|Any CPU = Release|Any CPU
	EndGlobalSection
	GlobalSection(ProjectConfigurationPlatforms) = postSolution
		{A0F23B7E-84F3-4082-92A7-0C72F6D32848}.Debug|Any CPU.ActiveCfg = Debug|Any CPU
		{A0F23B7E-84F3-4082-92A7-0C72F6D32848}.Debug|Any CPU.Build.0 = Debug|Any CPU
		{A0F23B7E-84F3-4082-92A7-0C72F6D32848}.Release|Any CPU.ActiveCfg = Release|Any CPU
		{A0F23B7E-84F3-4082-92A7-0C72F6D32848}.Release|Any CPU.Build.0 = Release|Any CPU
		{3E98232D-A7C6-4BCD-9D41-4C27439EF3C4}.Debug|Any CPU.ActiveCfg = Debug|Any CPU
		{3E98232D-A7C6-4BCD-9D41-4C27439EF3C4}.Debug|Any CPU.Build.0 = Debug|Any CPU
		{3E98232D-A7C6-4BCD-9D41-4C27439EF3C4}.Release|Any CPU.ActiveCfg = Release|Any CPU
		{3E98232D-A7C6-4BCD-9D41-4C27439EF3C4}.Release|Any CPU.Build.0 = Release|Any CPU
		{2CDF6EBC-CC83-4845-9014-2D1C2F381F6C}.Debug|Any CPU.ActiveCfg = Debug|Any CPU
		{2CDF6EBC-CC83-4845-9014-2D1C2F381F6C}.Debug|Any CPU.Build.0 = Debug|Any CPU
		{2CDF6EBC-CC83-4845-9014-2D1C2F381F6C}.Release|Any CPU.ActiveCfg = Release|Any CPU
		{2CDF6EBC-CC83-4845-9014-2D1C2F381F6C}.Release|Any CPU.Build.0 = Release|Any CPU
		{BC67E46A-E51F-42E8-BAD0-66D647764EF7}.Debug|Any CPU.ActiveCfg = Debug|Any CPU
		{BC67E46A-E51F-42E8-BAD0-66D647764EF7}.Debug|Any CPU.Build.0 = Debug|Any CPU
		{BC67E46A-E51F-42E8-BAD0-66D647764EF7}.Release|Any CPU.ActiveCfg = Release|Any CPU
		{BC67E46A-E51F-42E8-BAD0-66D647764EF7}.Release|Any CPU.Build.0 = Release|Any CPU
	EndGlobalSection
	GlobalSection(SolutionProperties) = preSolution
		HideSolutionNode = FALSE
	EndGlobalSection
	GlobalSection(ExtensibilityGlobals) = postSolution
		SolutionGuid = {1DFF1D72-E0B5-452E-AD0A-307D8DAB3FA5}
	EndGlobalSection
EndGlobal
